
Microsoft Visual Studio Solution File, Format Version 12.00
# Visual Studio Version 16
VisualStudioVersion = 16.0.32901.82
MinimumVisualStudioVersion = 10.0.40219.1
Project("{FAE04EC0-301F-11D3-BF4B-00C04F79EFBC}") = "client", "client\client.csproj", "{3FF1FD21-0599-4A57-9309-6A6158DBD6F9}"
EndProject
Project("{FAE04EC0-301F-11D3-BF4B-00C04F79EFBC}") = "server", "server\server.csproj", "{A13E4F4D-BF67-4D46-80D2-50C05BE6A0E2}"
EndProject
Global
	GlobalSection(SolutionConfigurationPlatforms) = preSolution
		Debug|Any CPU = Debug|Any CPU
		Release|Any CPU = Release|Any CPU
	EndGlobalSection
	GlobalSection(ProjectConfigurationPlatforms) = postSolution
		{3FF1FD21-0599-4A57-9309-6A6158DBD6F9}.Debug|Any CPU.ActiveCfg = Debug|Any CPU
		{3FF1FD21-0599-4A57-9309-6A6158DBD6F9}.Debug|Any CPU.Build.0 = Debug|Any CPU
		{3FF1FD21-0599-4A57-9309-6A6158DBD6F9}.Release|Any CPU.ActiveCfg = Release|Any CPU
		{3FF1FD21-0599-4A57-9309-6A6158DBD6F9}.Release|Any CPU.Build.0 = Release|Any CPU
		{A13E4F4D-BF67-4D46-80D2-50C05BE6A0E2}.Debug|Any CPU.ActiveCfg = Debug|Any CPU
		{A13E4F4D-BF67-4D46-80D2-50C05BE6A0E2}.Debug|Any CPU.Build.0 = Debug|Any CPU
		{A13E4F4D-BF67-4D46-80D2-50C05BE6A0E2}.Release|Any CPU.ActiveCfg = Release|Any CPU
		{A13E4F4D-BF67-4D46-80D2-50C05BE6A0E2}.Release|Any CPU.Build.0 = Release|Any CPU
	EndGlobalSection
	GlobalSection(SolutionProperties) = preSolution
		HideSolutionNode = FALSE
	EndGlobalSection
	GlobalSection(ExtensibilityGlobals) = postSolution
		SolutionGuid = {E6E48714-94E1-4B5B-A4DA-8444FAEE7492}
	EndGlobalSection
EndGlobal
